
Microsoft Visual Studio Solution File, Format Version 12.00
# Visual Studio Version 16
VisualStudioVersion = 16.0.28922.388
MinimumVisualStudioVersion = 10.0.40219.1
Project("{9A19103F-16F7-4668-BE54-9A1E7A4F7556}") = "HotelLandon.Models", "HotelLandon.Models\HotelLandon.Models.csproj", "{E28395ED-AA70-4E13-BE14-D1FE10F05C5B}"
EndProject
Project("{9A19103F-16F7-4668-BE54-9A1E7A4F7556}") = "HotelLandon.Data", "HotelLandon.Data\HotelLandon.Data.csproj", "{F787AB78-7137-45A7-8C26-F1B76895B97A}"
EndProject
Project("{9A19103F-16F7-4668-BE54-9A1E7A4F7556}") = "HotelLandon.Importer", "HotelLandon.Importer\HotelLandon.Importer.csproj", "{47E8DCCE-A202-49F3-BBC0-D81AE8B80468}"
EndProject
Project("{FAE04EC0-301F-11D3-BF4B-00C04F79EFBC}") = "HotelLandon.WebUI", "HotelLandon.WebUI\HotelLandon.WebUI.csproj", "{47C42D08-033F-471E-B1D8-16D0EE5686C0}"
EndProject
Project("{FAE04EC0-301F-11D3-BF4B-00C04F79EFBC}") = "Patterns.DependencyInjection", "Patterns.DependencyInjection\Patterns.DependencyInjection.csproj", "{AC5863CD-E025-4F66-B710-E480459D9797}"
EndProject
Global
	GlobalSection(SolutionConfigurationPlatforms) = preSolution
		Debug|Any CPU = Debug|Any CPU
		Release|Any CPU = Release|Any CPU
	EndGlobalSection
	GlobalSection(ProjectConfigurationPlatforms) = postSolution
		{E28395ED-AA70-4E13-BE14-D1FE10F05C5B}.Debug|Any CPU.ActiveCfg = Debug|Any CPU
		{E28395ED-AA70-4E13-BE14-D1FE10F05C5B}.Debug|Any CPU.Build.0 = Debug|Any CPU
		{E28395ED-AA70-4E13-BE14-D1FE10F05C5B}.Release|Any CPU.ActiveCfg = Release|Any CPU
		{E28395ED-AA70-4E13-BE14-D1FE10F05C5B}.Release|Any CPU.Build.0 = Release|Any CPU
		{F787AB78-7137-45A7-8C26-F1B76895B97A}.Debug|Any CPU.ActiveCfg = Debug|Any CPU
		{F787AB78-7137-45A7-8C26-F1B76895B97A}.Debug|Any CPU.Build.0 = Debug|Any CPU
		{F787AB78-7137-45A7-8C26-F1B76895B97A}.Release|Any CPU.ActiveCfg = Release|Any CPU
		{F787AB78-7137-45A7-8C26-F1B76895B97A}.Release|Any CPU.Build.0 = Release|Any CPU
		{47E8DCCE-A202-49F3-BBC0-D81AE8B80468}.Debug|Any CPU.ActiveCfg = Debug|Any CPU
		{47E8DCCE-A202-49F3-BBC0-D81AE8B80468}.Debug|Any CPU.Build.0 = Debug|Any CPU
		{47E8DCCE-A202-49F3-BBC0-D81AE8B80468}.Release|Any CPU.ActiveCfg = Release|Any CPU
		{47E8DCCE-A202-49F3-BBC0-D81AE8B80468}.Release|Any CPU.Build.0 = Release|Any CPU
		{47C42D08-033F-471E-B1D8-16D0EE5686C0}.Debug|Any CPU.ActiveCfg = Debug|Any CPU
		{47C42D08-033F-471E-B1D8-16D0EE5686C0}.Debug|Any CPU.Build.0 = Debug|Any CPU
		{47C42D08-033F-471E-B1D8-16D0EE5686C0}.Release|Any CPU.ActiveCfg = Release|Any CPU
		{47C42D08-033F-471E-B1D8-16D0EE5686C0}.Release|Any CPU.Build.0 = Release|Any CPU
		{AC5863CD-E025-4F66-B710-E480459D9797}.Debug|Any CPU.ActiveCfg = Debug|Any CPU
		{AC5863CD-E025-4F66-B710-E480459D9797}.Debug|Any CPU.Build.0 = Debug|Any CPU
		{AC5863CD-E025-4F66-B710-E480459D9797}.Release|Any CPU.ActiveCfg = Release|Any CPU
		{AC5863CD-E025-4F66-B710-E480459D9797}.Release|Any CPU.Build.0 = Release|Any CPU
	EndGlobalSection
	GlobalSection(SolutionProperties) = preSolution
		HideSolutionNode = FALSE
	EndGlobalSection
	GlobalSection(ExtensibilityGlobals) = postSolution
		SolutionGuid = {F1040791-9BE1-4FE2-94BC-DC4CE1939496}
	EndGlobalSection
EndGlobal
